
Microsoft Visual Studio Solution File, Format Version 12.00
# Visual Studio 15
VisualStudioVersion = 15.0.28307.329
MinimumVisualStudioVersion = 10.0.40219.1
Project("{FAE04EC0-301F-11D3-BF4B-00C04F79EFBC}") = "EquationTransformer", "EquationTransformer\EquationTransformer.csproj", "{81A77C25-6385-4F0C-9BAF-C0A14781BBA6}"
EndProject
Global
	GlobalSection(SolutionConfigurationPlatforms) = preSolution
		Debug|Any CPU = Debug|Any CPU
		Release|Any CPU = Release|Any CPU
	EndGlobalSection
	GlobalSection(ProjectConfigurationPlatforms) = postSolution
		{81A77C25-6385-4F0C-9BAF-C0A14781BBA6}.Debug|Any CPU.ActiveCfg = Debug|Any CPU
		{81A77C25-6385-4F0C-9BAF-C0A14781BBA6}.Debug|Any CPU.Build.0 = Debug|Any CPU
		{81A77C25-6385-4F0C-9BAF-C0A14781BBA6}.Release|Any CPU.ActiveCfg = Release|Any CPU
		{81A77C25-6385-4F0C-9BAF-C0A14781BBA6}.Release|Any CPU.Build.0 = Release|Any CPU
	EndGlobalSection
	GlobalSection(SolutionProperties) = preSolution
		HideSolutionNode = FALSE
	EndGlobalSection
	GlobalSection(ExtensibilityGlobals) = postSolution
		SolutionGuid = {A6415707-5241-4387-A720-20F7D246FE61}
	EndGlobalSection
EndGlobal
